# This file is automatically @generated by Cargo.
# It is not intended for manual editing.
version = 3

[[package]]
name = "bankstown-lv2"
version = "1.0.1"
dependencies = [
 "biquad",
 "lv2",
]

[[package]]
name = "biquad"
version = "0.4.2"
source = "registry+https://github.com/rust-lang/crates.io-index"
checksum = "820524f5e3e3add696ddf69f79575772e152c0e78e9f0370b56990a7e808ec3e"
dependencies = [
 "libm",
]

[[package]]
name = "libm"
version = "0.1.4"
source = "registry+https://github.com/rust-lang/crates.io-index"
checksum = "7fc7aa29613bd6a620df431842069224d8bc9011086b1db4c0e0cd47fa03ec9a"

[[package]]
name = "lv2"
version = "0.6.0"
source = "registry+https://github.com/rust-lang/crates.io-index"
checksum = "81300c8058a7747013c8f3e27e76eeceb8226621283d30d787b970019d8404f6"
dependencies = [
 "lv2-atom",
 "lv2-core",
 "lv2-midi",
 "lv2-units",
 "lv2-urid",
 "urid",
]

[[package]]
name = "lv2-atom"
version = "2.0.0"
source = "registry+https://github.com/rust-lang/crates.io-index"
checksum = "951b4e7b10349d32b7b7a26c15bd0f9cf42790b59531093d474f6964f5cba971"
dependencies = [
 "lv2-core",
 "lv2-sys",
 "lv2-units",
 "urid",
]

[[package]]
name = "lv2-core"
version = "3.0.0"
source = "registry+https://github.com/rust-lang/crates.io-index"
checksum = "d50100435f793b25e9fcfe89c227dc1b1ca93bbfae0f3710149263fe4ba049de"
dependencies = [
 "lv2-core-derive",
 "lv2-sys",
 "urid",
]

[[package]]
name = "lv2-core-derive"
version = "2.1.1"
source = "registry+https://github.com/rust-lang/crates.io-index"
checksum = "7bf98f786ecb49030330834aaa458f84bbaf545d7084cf3dcb2fab2f03a1838b"
dependencies = [
 "proc-macro2",
 "quote",
 "syn",
]

[[package]]
name = "lv2-midi"
version = "1.2.0"
source = "registry+https://github.com/rust-lang/crates.io-index"
checksum = "ad23e6bcd0036b1859992b92bbf1855f99ed648886ed9ad9a32fc4ecf2a20f74"
dependencies = [
 "lv2-atom",
 "lv2-sys",
 "urid",
 "wmidi",
]

[[package]]
name = "lv2-sys"
version = "2.0.0"
source = "registry+https://github.com/rust-lang/crates.io-index"
checksum = "9dd0f9e7de3649dcec348de51cbf611ab88688b97c0ce038f8c07b996b2a8e30"

[[package]]
name = "lv2-units"
version = "0.1.3"
source = "registry+https://github.com/rust-lang/crates.io-index"
checksum = "02b9470e6f71a96c49ce27ff15838b27f4f07300dec810313423b70ec7adaa39"
dependencies = [
 "lv2-sys",
 "urid",
]

[[package]]
name = "lv2-urid"
version = "2.1.0"
source = "registry+https://github.com/rust-lang/crates.io-index"
checksum = "8c0803444d1e66fbdbc345ef8243470979f8bab570cdaf0cada4586fc1624e68"
dependencies = [
 "lv2-core",
 "lv2-sys",
 "urid",
]

[[package]]
name = "proc-macro2"
version = "1.0.69"
source = "registry+https://github.com/rust-lang/crates.io-index"
checksum = "134c189feb4956b20f6f547d2cf727d4c0fe06722b20a0eec87ed445a97f92da"
dependencies = [
 "unicode-ident",
]

[[package]]
name = "quote"
version = "1.0.33"
source = "registry+https://github.com/rust-lang/crates.io-index"
checksum = "5267fca4496028628a95160fc423a33e8b2e6af8a5302579e322e4b520293cae"
dependencies = [
 "proc-macro2",
]

[[package]]
name = "syn"
version = "1.0.109"
source = "registry+https://github.com/rust-lang/crates.io-index"
checksum = "72b64191b275b66ffe2469e8af2c1cfe3bafa67b529ead792a6d0160888b4237"
dependencies = [
 "proc-macro2",
 "quote",
 "unicode-ident",
]

[[package]]
name = "unicode-ident"
version = "1.0.12"
source = "registry+https://github.com/rust-lang/crates.io-index"
checksum = "3354b9ac3fae1ff6755cb6db53683adb661634f67557942dea4facebec0fee4b"

[[package]]
name = "urid"
version = "0.1.0"
source = "registry+https://github.com/rust-lang/crates.io-index"
checksum = "6828b5d766e783093935fb2f23f26ffb28b7cb9313921cec67db8ca09f38a6a4"
dependencies = [
 "urid-derive",
]

[[package]]
name = "urid-derive"
version = "0.1.1"
source = "registry+https://github.com/rust-lang/crates.io-index"
checksum = "819eee2ef008e55b0a415ed356db7772d0ad94ae499f0043015111fc34703644"
dependencies = [
 "proc-macro2",
 "quote",
 "syn",
]

[[package]]
name = "wmidi"
version = "3.1.0"
source = "registry+https://github.com/rust-lang/crates.io-index"
checksum = "ca299959bb6d529c2bee3feb517899959da3052c4a29eea0a8ff568b825eb6cf"
